// !$*UTF8*$!
{
	archiveVersion = 1;
	classes = {
	};
	objectVersion = 56;
	objects = {

/* Begin PBXBuildFile section */
		11FA79EB7FB49309A2F45FA2 /* Pods_Booking_Hotel.framework in Frameworks */ = {isa = PBXBuildFile; fileRef = 3D0F8ABE5A025858F2B735ED /* Pods_Booking_Hotel.framework */; };
		6452920A2B554DC400855E7E /* AppDelegate.swift in Sources */ = {isa = PBXBuildFile; fileRef = 645292092B554DC400855E7E /* AppDelegate.swift */; };
		645292132B554DC500855E7E /* Assets.xcassets in Resources */ = {isa = PBXBuildFile; fileRef = 645292122B554DC500855E7E /* Assets.xcassets */; };
		645292162B554DC500855E7E /* LaunchScreen.storyboard in Resources */ = {isa = PBXBuildFile; fileRef = 645292142B554DC500855E7E /* LaunchScreen.storyboard */; };
		6452921F2B554E3700855E7E /* HotelViewController.swift in Sources */ = {isa = PBXBuildFile; fileRef = 6452921E2B554E3700855E7E /* HotelViewController.swift */; };
		645292212B554E4400855E7E /* HotelView.swift in Sources */ = {isa = PBXBuildFile; fileRef = 645292202B554E4400855E7E /* HotelView.swift */; };
		645292232B554EED00855E7E /* HotelViewModel.swift in Sources */ = {isa = PBXBuildFile; fileRef = 645292222B554EED00855E7E /* HotelViewModel.swift */; };
		6452922F2B55511400855E7E /* SFPRODISPLAYULTRALIGHTITALIC.OTF in Resources */ = {isa = PBXBuildFile; fileRef = 645292262B55511400855E7E /* SFPRODISPLAYULTRALIGHTITALIC.OTF */; };
		645292302B55511400855E7E /* SFPRODISPLAYTHINITALIC.OTF in Resources */ = {isa = PBXBuildFile; fileRef = 645292272B55511400855E7E /* SFPRODISPLAYTHINITALIC.OTF */; };
		645292312B55511400855E7E /* SFPRODISPLAYREGULAR.OTF in Resources */ = {isa = PBXBuildFile; fileRef = 645292282B55511400855E7E /* SFPRODISPLAYREGULAR.OTF */; };
		645292322B55511400855E7E /* SFPRODISPLAYMEDIUM.OTF in Resources */ = {isa = PBXBuildFile; fileRef = 645292292B55511400855E7E /* SFPRODISPLAYMEDIUM.OTF */; };
		645292332B55511400855E7E /* SFPRODISPLAYHEAVYITALIC.OTF in Resources */ = {isa = PBXBuildFile; fileRef = 6452922A2B55511400855E7E /* SFPRODISPLAYHEAVYITALIC.OTF */; };
		645292342B55511400855E7E /* SFPRODISPLAYLIGHTITALIC.OTF in Resources */ = {isa = PBXBuildFile; fileRef = 6452922B2B55511400855E7E /* SFPRODISPLAYLIGHTITALIC.OTF */; };
		645292352B55511400855E7E /* SFPRODISPLAYBOLD.OTF in Resources */ = {isa = PBXBuildFile; fileRef = 6452922C2B55511400855E7E /* SFPRODISPLAYBOLD.OTF */; };
		645292362B55511400855E7E /* SFPRODISPLAYBLACKITALIC.OTF in Resources */ = {isa = PBXBuildFile; fileRef = 6452922D2B55511400855E7E /* SFPRODISPLAYBLACKITALIC.OTF */; };
		645292372B55511400855E7E /* SFPRODISPLAYSEMIBOLDITALIC.OTF in Resources */ = {isa = PBXBuildFile; fileRef = 6452922E2B55511400855E7E /* SFPRODISPLAYSEMIBOLDITALIC.OTF */; };
		645292392B5553B900855E7E /* HotelModel.swift in Sources */ = {isa = PBXBuildFile; fileRef = 645292382B5553B900855E7E /* HotelModel.swift */; };
		6452923C2B55555700855E7E /* Endpoint.swift in Sources */ = {isa = PBXBuildFile; fileRef = 6452923B2B55555700855E7E /* Endpoint.swift */; };
		6452923E2B55557100855E7E /* HTTP.swift in Sources */ = {isa = PBXBuildFile; fileRef = 6452923D2B55557100855E7E /* HTTP.swift */; };
		645292402B55558C00855E7E /* NetworkManager.swift in Sources */ = {isa = PBXBuildFile; fileRef = 6452923F2B55558C00855E7E /* NetworkManager.swift */; };
		6452924A2B55B83C00855E7E /* Extension + UIColor.swift in Sources */ = {isa = PBXBuildFile; fileRef = 645292492B55B83C00855E7E /* Extension + UIColor.swift */; };
		6452924C2B56AA9400855E7E /* TagLabelsView.swift in Sources */ = {isa = PBXBuildFile; fileRef = 6452924B2B56AA9400855E7E /* TagLabelsView.swift */; };
		645292502B56BADC00855E7E /* MoreInfoCell.swift in Sources */ = {isa = PBXBuildFile; fileRef = 6452924F2B56BADC00855E7E /* MoreInfoCell.swift */; };
		645292522B56CF6F00855E7E /* CustomButton.swift in Sources */ = {isa = PBXBuildFile; fileRef = 645292512B56CF6F00855E7E /* CustomButton.swift */; };
		649CA2852B56EB220060A2F4 /* Extension + UIImage.swift in Sources */ = {isa = PBXBuildFile; fileRef = 649CA2842B56EB220060A2F4 /* Extension + UIImage.swift */; };
		649CA2882B5714480060A2F4 /* RoomView.swift in Sources */ = {isa = PBXBuildFile; fileRef = 649CA2872B5714480060A2F4 /* RoomView.swift */; };
		649CA28A2B5714520060A2F4 /* RoomViewController.swift in Sources */ = {isa = PBXBuildFile; fileRef = 649CA2892B5714520060A2F4 /* RoomViewController.swift */; };
		649CA28C2B57145A0060A2F4 /* RoomViewModel.swift in Sources */ = {isa = PBXBuildFile; fileRef = 649CA28B2B57145A0060A2F4 /* RoomViewModel.swift */; };
		649CA28E2B5718050060A2F4 /* RoomCell.swift in Sources */ = {isa = PBXBuildFile; fileRef = 649CA28D2B5718050060A2F4 /* RoomCell.swift */; };
		649CA2902B571F070060A2F4 /* NavigationManager.swift in Sources */ = {isa = PBXBuildFile; fileRef = 649CA28F2B571F070060A2F4 /* NavigationManager.swift */; };
		649CA2922B5728210060A2F4 /* RoomModel.swift in Sources */ = {isa = PBXBuildFile; fileRef = 649CA2912B5728210060A2F4 /* RoomModel.swift */; };
		649CA2942B573E690060A2F4 /* PaddedButton.swift in Sources */ = {isa = PBXBuildFile; fileRef = 649CA2932B573E680060A2F4 /* PaddedButton.swift */; };
		649CA2992B57C9390060A2F4 /* BookingView.swift in Sources */ = {isa = PBXBuildFile; fileRef = 649CA2982B57C9390060A2F4 /* BookingView.swift */; };
		649CA29B2B57C9430060A2F4 /* BookingViewModel.swift in Sources */ = {isa = PBXBuildFile; fileRef = 649CA29A2B57C9430060A2F4 /* BookingViewModel.swift */; };
		649CA29D2B57C94A0060A2F4 /* BookingViewController.swift in Sources */ = {isa = PBXBuildFile; fileRef = 649CA29C2B57C94A0060A2F4 /* BookingViewController.swift */; };
		649CA29F2B57C9570060A2F4 /* BookingModel.swift in Sources */ = {isa = PBXBuildFile; fileRef = 649CA29E2B57C9570060A2F4 /* BookingModel.swift */; };
		649CA2A12B57DD150060A2F4 /* InfoTableCell.swift in Sources */ = {isa = PBXBuildFile; fileRef = 649CA2A02B57DD150060A2F4 /* InfoTableCell.swift */; };
		649CA2A32B57E10E0060A2F4 /* CustomStackView.swift in Sources */ = {isa = PBXBuildFile; fileRef = 649CA2A22B57E10E0060A2F4 /* CustomStackView.swift */; };
		649CA2A72B57FFD90060A2F4 /* Extension + FloatingTextField.swift in Sources */ = {isa = PBXBuildFile; fileRef = 649CA2A62B57FFD90060A2F4 /* Extension + FloatingTextField.swift */; };
		649CA2AB2B584C760060A2F4 /* Extension IntToString.swift in Sources */ = {isa = PBXBuildFile; fileRef = 649CA2AA2B584C760060A2F4 /* Extension IntToString.swift */; };
		649CA2AE2B584E7B0060A2F4 /* FinalView.swift in Sources */ = {isa = PBXBuildFile; fileRef = 649CA2AD2B584E7B0060A2F4 /* FinalView.swift */; };
		649CA2B02B584E830060A2F4 /* FinalViewController.swift in Sources */ = {isa = PBXBuildFile; fileRef = 649CA2AF2B584E830060A2F4 /* FinalViewController.swift */; };
		649CA2B22B585ACA0060A2F4 /* TouristStackView.swift in Sources */ = {isa = PBXBuildFile; fileRef = 649CA2B12B585ACA0060A2F4 /* TouristStackView.swift */; };
		649CA2B52B5895930060A2F4 /* Simulator Screen Recording - iPhone 14 Pro.mp4 in Resources */ = {isa = PBXBuildFile; fileRef = 649CA2B42B5895930060A2F4 /* Simulator Screen Recording - iPhone 14 Pro.mp4 */; };
		649CA2C22B59C4340060A2F4 /* Coordinator.swift in Sources */ = {isa = PBXBuildFile; fileRef = 649CA2C12B59C4340060A2F4 /* Coordinator.swift */; };
		649CA2C92B59D21C0060A2F4 /* HotelCoordinator.swift in Sources */ = {isa = PBXBuildFile; fileRef = 649CA2C82B59D21C0060A2F4 /* HotelCoordinator.swift */; };
		649CA2CC2B59D23A0060A2F4 /* FinalCoordinator.swift in Sources */ = {isa = PBXBuildFile; fileRef = 649CA2CB2B59D23A0060A2F4 /* FinalCoordinator.swift */; };
		649CA2CF2B59D2580060A2F4 /* BookingCoordinator.swift in Sources */ = {isa = PBXBuildFile; fileRef = 649CA2CE2B59D2580060A2F4 /* BookingCoordinator.swift */; };
		649CA2D22B59D2670060A2F4 /* RoomCoordinator.swift in Sources */ = {isa = PBXBuildFile; fileRef = 649CA2D12B59D2670060A2F4 /* RoomCoordinator.swift */; };
		649CA2D42B5D96830060A2F4 /* SceneDelegate.swift in Sources */ = {isa = PBXBuildFile; fileRef = 649CA2D32B5D96830060A2F4 /* SceneDelegate.swift */; };
		64B18E162B6801B8003F2674 /* HotelCoordinator + ext.swift in Sources */ = {isa = PBXBuildFile; fileRef = 64B18E152B6801B8003F2674 /* HotelCoordinator + ext.swift */; };
		64B18E182B6802E9003F2674 /* ButtonWithTrailingImage.swift in Sources */ = {isa = PBXBuildFile; fileRef = 64B18E172B6802E9003F2674 /* ButtonWithTrailingImage.swift */; };
		64B18E1A2B68031F003F2674 /* TextFieldStackView.swift in Sources */ = {isa = PBXBuildFile; fileRef = 64B18E192B68031F003F2674 /* TextFieldStackView.swift */; };
		64B18E1C2B680333003F2674 /* GradientPageControl.swift in Sources */ = {isa = PBXBuildFile; fileRef = 64B18E1B2B680333003F2674 /* GradientPageControl.swift */; };
		64B18E1E2B68033E003F2674 /* CustomBorder.swift in Sources */ = {isa = PBXBuildFile; fileRef = 64B18E1D2B68033E003F2674 /* CustomBorder.swift */; };
		64B18E202B68034C003F2674 /* PopUpManager.swift in Sources */ = {isa = PBXBuildFile; fileRef = 64B18E1F2B68034C003F2674 /* PopUpManager.swift */; };
		64B18E232B68039E003F2674 /* Constant.swift in Sources */ = {isa = PBXBuildFile; fileRef = 64B18E222B68039E003F2674 /* Constant.swift */; };
		64B18E252B6803A6003F2674 /* Color.swift in Sources */ = {isa = PBXBuildFile; fileRef = 64B18E242B6803A6003F2674 /* Color.swift */; };
		64B18E272B6803B8003F2674 /* TextContrants.swift in Sources */ = {isa = PBXBuildFile; fileRef = 64B18E262B6803B8003F2674 /* TextContrants.swift */; };
		64B18E292B6803BE003F2674 /* FontConstant.swift in Sources */ = {isa = PBXBuildFile; fileRef = 64B18E282B6803BE003F2674 /* FontConstant.swift */; };
		64B18E2B2B680406003F2674 /* Extension + Subviews.swift in Sources */ = {isa = PBXBuildFile; fileRef = 64B18E2A2B680406003F2674 /* Extension + Subviews.swift */; };
/* End PBXBuildFile section */

/* Begin PBXFileReference section */
		071AFFDCD3B1AFC6876FAE46 /* Pods-Booking-Hotel.debug.xcconfig */ = {isa = PBXFileReference; includeInIndex = 1; lastKnownFileType = text.xcconfig; name = "Pods-Booking-Hotel.debug.xcconfig"; path = "Target Support Files/Pods-Booking-Hotel/Pods-Booking-Hotel.debug.xcconfig"; sourceTree = "<group>"; };
		095AE4B57E948E5D63B0863D /* Pods-Booking-Hotel.release.xcconfig */ = {isa = PBXFileReference; includeInIndex = 1; lastKnownFileType = text.xcconfig; name = "Pods-Booking-Hotel.release.xcconfig"; path = "Target Support Files/Pods-Booking-Hotel/Pods-Booking-Hotel.release.xcconfig"; sourceTree = "<group>"; };
		3D0F8ABE5A025858F2B735ED /* Pods_Booking_Hotel.framework */ = {isa = PBXFileReference; explicitFileType = wrapper.framework; includeInIndex = 0; path = Pods_Booking_Hotel.framework; sourceTree = BUILT_PRODUCTS_DIR; };
		645292062B554DC400855E7E /* Booking-Hotel.app */ = {isa = PBXFileReference; explicitFileType = wrapper.application; includeInIndex = 0; path = "Booking-Hotel.app"; sourceTree = BUILT_PRODUCTS_DIR; };
		645292092B554DC400855E7E /* AppDelegate.swift */ = {isa = PBXFileReference; lastKnownFileType = sourcecode.swift; path = AppDelegate.swift; sourceTree = "<group>"; };
		645292122B554DC500855E7E /* Assets.xcassets */ = {isa = PBXFileReference; lastKnownFileType = folder.assetcatalog; path = Assets.xcassets; sourceTree = "<group>"; };
		645292152B554DC500855E7E /* Base */ = {isa = PBXFileReference; lastKnownFileType = file.storyboard; name = Base; path = Base.lproj/LaunchScreen.storyboard; sourceTree = "<group>"; };
		6452921E2B554E3700855E7E /* HotelViewController.swift */ = {isa = PBXFileReference; lastKnownFileType = sourcecode.swift; path = HotelViewController.swift; sourceTree = "<group>"; };
		645292202B554E4400855E7E /* HotelView.swift */ = {isa = PBXFileReference; lastKnownFileType = sourcecode.swift; path = HotelView.swift; sourceTree = "<group>"; };
		645292222B554EED00855E7E /* HotelViewModel.swift */ = {isa = PBXFileReference; lastKnownFileType = sourcecode.swift; path = HotelViewModel.swift; sourceTree = "<group>"; };
		645292262B55511400855E7E /* SFPRODISPLAYULTRALIGHTITALIC.OTF */ = {isa = PBXFileReference; lastKnownFileType = file; path = SFPRODISPLAYULTRALIGHTITALIC.OTF; sourceTree = "<group>"; };
		645292272B55511400855E7E /* SFPRODISPLAYTHINITALIC.OTF */ = {isa = PBXFileReference; lastKnownFileType = file; path = SFPRODISPLAYTHINITALIC.OTF; sourceTree = "<group>"; };
		645292282B55511400855E7E /* SFPRODISPLAYREGULAR.OTF */ = {isa = PBXFileReference; lastKnownFileType = file; path = SFPRODISPLAYREGULAR.OTF; sourceTree = "<group>"; };
		645292292B55511400855E7E /* SFPRODISPLAYMEDIUM.OTF */ = {isa = PBXFileReference; lastKnownFileType = file; path = SFPRODISPLAYMEDIUM.OTF; sourceTree = "<group>"; };
		6452922A2B55511400855E7E /* SFPRODISPLAYHEAVYITALIC.OTF */ = {isa = PBXFileReference; lastKnownFileType = file; path = SFPRODISPLAYHEAVYITALIC.OTF; sourceTree = "<group>"; };
		6452922B2B55511400855E7E /* SFPRODISPLAYLIGHTITALIC.OTF */ = {isa = PBXFileReference; lastKnownFileType = file; path = SFPRODISPLAYLIGHTITALIC.OTF; sourceTree = "<group>"; };
		6452922C2B55511400855E7E /* SFPRODISPLAYBOLD.OTF */ = {isa = PBXFileReference; lastKnownFileType = file; path = SFPRODISPLAYBOLD.OTF; sourceTree = "<group>"; };
		6452922D2B55511400855E7E /* SFPRODISPLAYBLACKITALIC.OTF */ = {isa = PBXFileReference; lastKnownFileType = file; path = SFPRODISPLAYBLACKITALIC.OTF; sourceTree = "<group>"; };
		6452922E2B55511400855E7E /* SFPRODISPLAYSEMIBOLDITALIC.OTF */ = {isa = PBXFileReference; lastKnownFileType = file; path = SFPRODISPLAYSEMIBOLDITALIC.OTF; sourceTree = "<group>"; };
		645292382B5553B900855E7E /* HotelModel.swift */ = {isa = PBXFileReference; lastKnownFileType = sourcecode.swift; path = HotelModel.swift; sourceTree = "<group>"; };
		6452923B2B55555700855E7E /* Endpoint.swift */ = {isa = PBXFileReference; lastKnownFileType = sourcecode.swift; path = Endpoint.swift; sourceTree = "<group>"; };
		6452923D2B55557100855E7E /* HTTP.swift */ = {isa = PBXFileReference; lastKnownFileType = sourcecode.swift; path = HTTP.swift; sourceTree = "<group>"; };
		6452923F2B55558C00855E7E /* NetworkManager.swift */ = {isa = PBXFileReference; lastKnownFileType = sourcecode.swift; path = NetworkManager.swift; sourceTree = "<group>"; };
		645292492B55B83C00855E7E /* Extension + UIColor.swift */ = {isa = PBXFileReference; lastKnownFileType = sourcecode.swift; path = "Extension + UIColor.swift"; sourceTree = "<group>"; };
		6452924B2B56AA9400855E7E /* TagLabelsView.swift */ = {isa = PBXFileReference; lastKnownFileType = sourcecode.swift; path = TagLabelsView.swift; sourceTree = "<group>"; };
		6452924F2B56BADC00855E7E /* MoreInfoCell.swift */ = {isa = PBXFileReference; lastKnownFileType = sourcecode.swift; path = MoreInfoCell.swift; sourceTree = "<group>"; };
		645292512B56CF6F00855E7E /* CustomButton.swift */ = {isa = PBXFileReference; lastKnownFileType = sourcecode.swift; path = CustomButton.swift; sourceTree = "<group>"; };
		649CA2842B56EB220060A2F4 /* Extension + UIImage.swift */ = {isa = PBXFileReference; lastKnownFileType = sourcecode.swift; path = "Extension + UIImage.swift"; sourceTree = "<group>"; };
		649CA2872B5714480060A2F4 /* RoomView.swift */ = {isa = PBXFileReference; lastKnownFileType = sourcecode.swift; path = RoomView.swift; sourceTree = "<group>"; };
		649CA2892B5714520060A2F4 /* RoomViewController.swift */ = {isa = PBXFileReference; lastKnownFileType = sourcecode.swift; path = RoomViewController.swift; sourceTree = "<group>"; };
		649CA28B2B57145A0060A2F4 /* RoomViewModel.swift */ = {isa = PBXFileReference; lastKnownFileType = sourcecode.swift; path = RoomViewModel.swift; sourceTree = "<group>"; };
		649CA28D2B5718050060A2F4 /* RoomCell.swift */ = {isa = PBXFileReference; lastKnownFileType = sourcecode.swift; path = RoomCell.swift; sourceTree = "<group>"; };
		649CA28F2B571F070060A2F4 /* NavigationManager.swift */ = {isa = PBXFileReference; lastKnownFileType = sourcecode.swift; path = NavigationManager.swift; sourceTree = "<group>"; };
		649CA2912B5728210060A2F4 /* RoomModel.swift */ = {isa = PBXFileReference; lastKnownFileType = sourcecode.swift; path = RoomModel.swift; sourceTree = "<group>"; };
		649CA2932B573E680060A2F4 /* PaddedButton.swift */ = {isa = PBXFileReference; lastKnownFileType = sourcecode.swift; path = PaddedButton.swift; sourceTree = "<group>"; };
		649CA2982B57C9390060A2F4 /* BookingView.swift */ = {isa = PBXFileReference; lastKnownFileType = sourcecode.swift; path = BookingView.swift; sourceTree = "<group>"; };
		649CA29A2B57C9430060A2F4 /* BookingViewModel.swift */ = {isa = PBXFileReference; lastKnownFileType = sourcecode.swift; path = BookingViewModel.swift; sourceTree = "<group>"; };
		649CA29C2B57C94A0060A2F4 /* BookingViewController.swift */ = {isa = PBXFileReference; lastKnownFileType = sourcecode.swift; path = BookingViewController.swift; sourceTree = "<group>"; };
		649CA29E2B57C9570060A2F4 /* BookingModel.swift */ = {isa = PBXFileReference; lastKnownFileType = sourcecode.swift; path = BookingModel.swift; sourceTree = "<group>"; };
		649CA2A02B57DD150060A2F4 /* InfoTableCell.swift */ = {isa = PBXFileReference; lastKnownFileType = sourcecode.swift; path = InfoTableCell.swift; sourceTree = "<group>"; };
		649CA2A22B57E10E0060A2F4 /* CustomStackView.swift */ = {isa = PBXFileReference; lastKnownFileType = sourcecode.swift; path = CustomStackView.swift; sourceTree = "<group>"; };
		649CA2A62B57FFD90060A2F4 /* Extension + FloatingTextField.swift */ = {isa = PBXFileReference; lastKnownFileType = sourcecode.swift; path = "Extension + FloatingTextField.swift"; sourceTree = "<group>"; };
		649CA2AA2B584C760060A2F4 /* Extension IntToString.swift */ = {isa = PBXFileReference; lastKnownFileType = sourcecode.swift; path = "Extension IntToString.swift"; sourceTree = "<group>"; };
		649CA2AD2B584E7B0060A2F4 /* FinalView.swift */ = {isa = PBXFileReference; lastKnownFileType = sourcecode.swift; path = FinalView.swift; sourceTree = "<group>"; };
		649CA2AF2B584E830060A2F4 /* FinalViewController.swift */ = {isa = PBXFileReference; lastKnownFileType = sourcecode.swift; path = FinalViewController.swift; sourceTree = "<group>"; };
		649CA2B12B585ACA0060A2F4 /* TouristStackView.swift */ = {isa = PBXFileReference; lastKnownFileType = sourcecode.swift; path = TouristStackView.swift; sourceTree = "<group>"; };
		649CA2B42B5895930060A2F4 /* Simulator Screen Recording - iPhone 14 Pro.mp4 */ = {isa = PBXFileReference; lastKnownFileType = file; path = "Simulator Screen Recording - iPhone 14 Pro.mp4"; sourceTree = "<group>"; };
		649CA2C12B59C4340060A2F4 /* Coordinator.swift */ = {isa = PBXFileReference; lastKnownFileType = sourcecode.swift; path = Coordinator.swift; sourceTree = "<group>"; };
		649CA2C82B59D21C0060A2F4 /* HotelCoordinator.swift */ = {isa = PBXFileReference; lastKnownFileType = sourcecode.swift; path = HotelCoordinator.swift; sourceTree = "<group>"; };
		649CA2CB2B59D23A0060A2F4 /* FinalCoordinator.swift */ = {isa = PBXFileReference; lastKnownFileType = sourcecode.swift; path = FinalCoordinator.swift; sourceTree = "<group>"; };
		649CA2CE2B59D2580060A2F4 /* BookingCoordinator.swift */ = {isa = PBXFileReference; lastKnownFileType = sourcecode.swift; path = BookingCoordinator.swift; sourceTree = "<group>"; };
		649CA2D12B59D2670060A2F4 /* RoomCoordinator.swift */ = {isa = PBXFileReference; lastKnownFileType = sourcecode.swift; path = RoomCoordinator.swift; sourceTree = "<group>"; };
		649CA2D32B5D96830060A2F4 /* SceneDelegate.swift */ = {isa = PBXFileReference; lastKnownFileType = sourcecode.swift; path = SceneDelegate.swift; sourceTree = "<group>"; };
		649CA2D92B5D9FC60060A2F4 /* Info.plist */ = {isa = PBXFileReference; fileEncoding = 4; lastKnownFileType = text.plist.xml; path = Info.plist; sourceTree = "<group>"; };
		64B18E152B6801B8003F2674 /* HotelCoordinator + ext.swift */ = {isa = PBXFileReference; lastKnownFileType = sourcecode.swift; path = "HotelCoordinator + ext.swift"; sourceTree = "<group>"; };
		64B18E172B6802E9003F2674 /* ButtonWithTrailingImage.swift */ = {isa = PBXFileReference; lastKnownFileType = sourcecode.swift; path = ButtonWithTrailingImage.swift; sourceTree = "<group>"; };
		64B18E192B68031F003F2674 /* TextFieldStackView.swift */ = {isa = PBXFileReference; lastKnownFileType = sourcecode.swift; path = TextFieldStackView.swift; sourceTree = "<group>"; };
		64B18E1B2B680333003F2674 /* GradientPageControl.swift */ = {isa = PBXFileReference; lastKnownFileType = sourcecode.swift; path = GradientPageControl.swift; sourceTree = "<group>"; };
		64B18E1D2B68033E003F2674 /* CustomBorder.swift */ = {isa = PBXFileReference; lastKnownFileType = sourcecode.swift; path = CustomBorder.swift; sourceTree = "<group>"; };
		64B18E1F2B68034C003F2674 /* PopUpManager.swift */ = {isa = PBXFileReference; lastKnownFileType = sourcecode.swift; path = PopUpManager.swift; sourceTree = "<group>"; };
		64B18E222B68039E003F2674 /* Constant.swift */ = {isa = PBXFileReference; lastKnownFileType = sourcecode.swift; path = Constant.swift; sourceTree = "<group>"; };
		64B18E242B6803A6003F2674 /* Color.swift */ = {isa = PBXFileReference; lastKnownFileType = sourcecode.swift; path = Color.swift; sourceTree = "<group>"; };
		64B18E262B6803B8003F2674 /* TextContrants.swift */ = {isa = PBXFileReference; lastKnownFileType = sourcecode.swift; path = TextContrants.swift; sourceTree = "<group>"; };
		64B18E282B6803BE003F2674 /* FontConstant.swift */ = {isa = PBXFileReference; lastKnownFileType = sourcecode.swift; path = FontConstant.swift; sourceTree = "<group>"; };
		64B18E2A2B680406003F2674 /* Extension + Subviews.swift */ = {isa = PBXFileReference; lastKnownFileType = sourcecode.swift; path = "Extension + Subviews.swift"; sourceTree = "<group>"; };
/* End PBXFileReference section */

/* Begin PBXFrameworksBuildPhase section */
		645292032B554DC400855E7E /* Frameworks */ = {
			isa = PBXFrameworksBuildPhase;
			buildActionMask = 2147483647;
			files = (
				11FA79EB7FB49309A2F45FA2 /* Pods_Booking_Hotel.framework in Frameworks */,
			);
			runOnlyForDeploymentPostprocessing = 0;
		};
/* End PBXFrameworksBuildPhase section */

/* Begin PBXGroup section */
		645291FD2B554DC400855E7E = {
			isa = PBXGroup;
			children = (
				645292082B554DC400855E7E /* Booking-Hotel */,
				649CA2B32B5895440060A2F4 /* Recording */,
				645292072B554DC400855E7E /* Products */,
				903D1A497BD910288C14E6FC /* Pods */,
				B174AAAF4B79BAF5E841A421 /* Frameworks */,
			);
			sourceTree = "<group>";
		};
		645292072B554DC400855E7E /* Products */ = {
			isa = PBXGroup;
			children = (
				645292062B554DC400855E7E /* Booking-Hotel.app */,
			);
			name = Products;
			sourceTree = "<group>";
		};
		645292082B554DC400855E7E /* Booking-Hotel */ = {
			isa = PBXGroup;
			children = (
				649CA2D92B5D9FC60060A2F4 /* Info.plist */,
				649CA2972B57C9290060A2F4 /* BookingScreen */,
				649CA2862B57143C0060A2F4 /* RoomScreen */,
				649CA2C32B59C4430060A2F4 /* BaseCoordinator */,
				6452921D2B554E2300855E7E /* HotelScreen */,
				649CA2AC2B584E5B0060A2F4 /* FinalScreen */,
				645292412B555AA600855E7E /* Custom UI Views */,
				6452923A2B55551200855E7E /* API */,
				645292242B5550E600855E7E /* Supporting files */,
				645292462B5565BF00855E7E /* Extensions */,
			);
			path = "Booking-Hotel";
			sourceTree = "<group>";
		};
		6452921D2B554E2300855E7E /* HotelScreen */ = {
			isa = PBXGroup;
			children = (
				6452921E2B554E3700855E7E /* HotelViewController.swift */,
				649CA2C02B59C21E0060A2F4 /* Models */,
				649CA2BF2B59C21A0060A2F4 /* Views */,
				649CA2BE2B59C2150060A2F4 /* ViewModels */,
				649CA2C62B59D2050060A2F4 /* Coordinator */,
			);
			path = HotelScreen;
			sourceTree = "<group>";
		};
		645292242B5550E600855E7E /* Supporting files */ = {
			isa = PBXGroup;
			children = (
				64B18E212B680392003F2674 /* Constant */,
				645292252B55510300855E7E /* fonts */,
				645292092B554DC400855E7E /* AppDelegate.swift */,
				649CA2D32B5D96830060A2F4 /* SceneDelegate.swift */,
				645292122B554DC500855E7E /* Assets.xcassets */,
				645292142B554DC500855E7E /* LaunchScreen.storyboard */,
			);
			path = "Supporting files";
			sourceTree = "<group>";
		};
		645292252B55510300855E7E /* fonts */ = {
			isa = PBXGroup;
			children = (
				6452922D2B55511400855E7E /* SFPRODISPLAYBLACKITALIC.OTF */,
				6452922C2B55511400855E7E /* SFPRODISPLAYBOLD.OTF */,
				6452922A2B55511400855E7E /* SFPRODISPLAYHEAVYITALIC.OTF */,
				6452922B2B55511400855E7E /* SFPRODISPLAYLIGHTITALIC.OTF */,
				645292292B55511400855E7E /* SFPRODISPLAYMEDIUM.OTF */,
				645292282B55511400855E7E /* SFPRODISPLAYREGULAR.OTF */,
				6452922E2B55511400855E7E /* SFPRODISPLAYSEMIBOLDITALIC.OTF */,
				645292272B55511400855E7E /* SFPRODISPLAYTHINITALIC.OTF */,
				645292262B55511400855E7E /* SFPRODISPLAYULTRALIGHTITALIC.OTF */,
			);
			path = fonts;
			sourceTree = "<group>";
		};
		6452923A2B55551200855E7E /* API */ = {
			isa = PBXGroup;
			children = (
				6452923B2B55555700855E7E /* Endpoint.swift */,
				6452923D2B55557100855E7E /* HTTP.swift */,
				6452923F2B55558C00855E7E /* NetworkManager.swift */,
			);
			path = API;
			sourceTree = "<group>";
		};
		645292412B555AA600855E7E /* Custom UI Views */ = {
			isa = PBXGroup;
			children = (
				649CA28F2B571F070060A2F4 /* NavigationManager.swift */,
				6452924B2B56AA9400855E7E /* TagLabelsView.swift */,
				645292512B56CF6F00855E7E /* CustomButton.swift */,
				649CA2932B573E680060A2F4 /* PaddedButton.swift */,
				64B18E172B6802E9003F2674 /* ButtonWithTrailingImage.swift */,
				649CA2A22B57E10E0060A2F4 /* CustomStackView.swift */,
				64B18E192B68031F003F2674 /* TextFieldStackView.swift */,
				64B18E1B2B680333003F2674 /* GradientPageControl.swift */,
				64B18E1D2B68033E003F2674 /* CustomBorder.swift */,
				64B18E1F2B68034C003F2674 /* PopUpManager.swift */,
			);
			path = "Custom UI Views";
			sourceTree = "<group>";
		};
		645292462B5565BF00855E7E /* Extensions */ = {
			isa = PBXGroup;
			children = (
				645292492B55B83C00855E7E /* Extension + UIColor.swift */,
				649CA2842B56EB220060A2F4 /* Extension + UIImage.swift */,
				649CA2A62B57FFD90060A2F4 /* Extension + FloatingTextField.swift */,
				649CA2AA2B584C760060A2F4 /* Extension IntToString.swift */,
				64B18E2A2B680406003F2674 /* Extension + Subviews.swift */,
			);
			path = Extensions;
			sourceTree = "<group>";
		};
		649CA2862B57143C0060A2F4 /* RoomScreen */ = {
			isa = PBXGroup;
			children = (
				649CA2892B5714520060A2F4 /* RoomViewController.swift */,
				649CA2D02B59D25E0060A2F4 /* Coordinator */,
				649CA2B82B59C1A20060A2F4 /* ViewModels */,
				649CA2B72B59C1810060A2F4 /* Models */,
				649CA2B62B59C15F0060A2F4 /* Views */,
			);
			path = RoomScreen;
			sourceTree = "<group>";
		};
		649CA2972B57C9290060A2F4 /* BookingScreen */ = {
			isa = PBXGroup;
			children = (
				649CA29C2B57C94A0060A2F4 /* BookingViewController.swift */,
				649CA2CD2B59D2400060A2F4 /* Coordinator */,
				649CA2BC2B59C1E70060A2F4 /* Models */,
				649CA2BA2B59C1D50060A2F4 /* ViewModels */,
				649CA2B92B59C1BD0060A2F4 /* Views */,
			);
			path = BookingScreen;
			sourceTree = "<group>";
		};
		649CA2AC2B584E5B0060A2F4 /* FinalScreen */ = {
			isa = PBXGroup;
			children = (
				649CA2AF2B584E830060A2F4 /* FinalViewController.swift */,
				649CA2CA2B59D2240060A2F4 /* Coordinator */,
				649CA2BD2B59C20A0060A2F4 /* Views */,
			);
			path = FinalScreen;
			sourceTree = "<group>";
		};
		649CA2B32B5895440060A2F4 /* Recording */ = {
			isa = PBXGroup;
			children = (
				649CA2B42B5895930060A2F4 /* Simulator Screen Recording - iPhone 14 Pro.mp4 */,
			);
			path = Recording;
			sourceTree = "<group>";
		};
		649CA2B62B59C15F0060A2F4 /* Views */ = {
			isa = PBXGroup;
			children = (
				649CA2872B5714480060A2F4 /* RoomView.swift */,
				649CA28D2B5718050060A2F4 /* RoomCell.swift */,
			);
			path = Views;
			sourceTree = "<group>";
		};
		649CA2B72B59C1810060A2F4 /* Models */ = {
			isa = PBXGroup;
			children = (
				649CA2912B5728210060A2F4 /* RoomModel.swift */,
			);
			path = Models;
			sourceTree = "<group>";
		};
		649CA2B82B59C1A20060A2F4 /* ViewModels */ = {
			isa = PBXGroup;
			children = (
				649CA28B2B57145A0060A2F4 /* RoomViewModel.swift */,
			);
			path = ViewModels;
			sourceTree = "<group>";
		};
		649CA2B92B59C1BD0060A2F4 /* Views */ = {
			isa = PBXGroup;
			children = (
				649CA2982B57C9390060A2F4 /* BookingView.swift */,
				649CA2A02B57DD150060A2F4 /* InfoTableCell.swift */,
				649CA2B12B585ACA0060A2F4 /* TouristStackView.swift */,
			);
			path = Views;
			sourceTree = "<group>";
		};
		649CA2BA2B59C1D50060A2F4 /* ViewModels */ = {
			isa = PBXGroup;
			children = (
				649CA29A2B57C9430060A2F4 /* BookingViewModel.swift */,
			);
			path = ViewModels;
			sourceTree = "<group>";
		};
		649CA2BC2B59C1E70060A2F4 /* Models */ = {
			isa = PBXGroup;
			children = (
				649CA29E2B57C9570060A2F4 /* BookingModel.swift */,
			);
			path = Models;
			sourceTree = "<group>";
		};
		649CA2BD2B59C20A0060A2F4 /* Views */ = {
			isa = PBXGroup;
			children = (
				649CA2AD2B584E7B0060A2F4 /* FinalView.swift */,
			);
			path = Views;
			sourceTree = "<group>";
		};
		649CA2BE2B59C2150060A2F4 /* ViewModels */ = {
			isa = PBXGroup;
			children = (
				645292222B554EED00855E7E /* HotelViewModel.swift */,
			);
			path = ViewModels;
			sourceTree = "<group>";
		};
		649CA2BF2B59C21A0060A2F4 /* Views */ = {
			isa = PBXGroup;
			children = (
				645292202B554E4400855E7E /* HotelView.swift */,
				6452924F2B56BADC00855E7E /* MoreInfoCell.swift */,
			);
			path = Views;
			sourceTree = "<group>";
		};
		649CA2C02B59C21E0060A2F4 /* Models */ = {
			isa = PBXGroup;
			children = (
				645292382B5553B900855E7E /* HotelModel.swift */,
			);
			path = Models;
			sourceTree = "<group>";
		};
		649CA2C32B59C4430060A2F4 /* BaseCoordinator */ = {
			isa = PBXGroup;
			children = (
				649CA2C12B59C4340060A2F4 /* Coordinator.swift */,
			);
			path = BaseCoordinator;
			sourceTree = "<group>";
		};
		649CA2C62B59D2050060A2F4 /* Coordinator */ = {
			isa = PBXGroup;
			children = (
				649CA2C82B59D21C0060A2F4 /* HotelCoordinator.swift */,
				64B18E152B6801B8003F2674 /* HotelCoordinator + ext.swift */,
			);
			path = Coordinator;
			sourceTree = "<group>";
		};
		649CA2CA2B59D2240060A2F4 /* Coordinator */ = {
			isa = PBXGroup;
			children = (
				649CA2CB2B59D23A0060A2F4 /* FinalCoordinator.swift */,
			);
			path = Coordinator;
			sourceTree = "<group>";
		};
		649CA2CD2B59D2400060A2F4 /* Coordinator */ = {
			isa = PBXGroup;
			children = (
				649CA2CE2B59D2580060A2F4 /* BookingCoordinator.swift */,
			);
			path = Coordinator;
			sourceTree = "<group>";
		};
		649CA2D02B59D25E0060A2F4 /* Coordinator */ = {
			isa = PBXGroup;
			children = (
				649CA2D12B59D2670060A2F4 /* RoomCoordinator.swift */,
			);
			path = Coordinator;
			sourceTree = "<group>";
		};
		64B18E212B680392003F2674 /* Constant */ = {
			isa = PBXGroup;
			children = (
				64B18E222B68039E003F2674 /* Constant.swift */,
				64B18E242B6803A6003F2674 /* Color.swift */,
				64B18E262B6803B8003F2674 /* TextContrants.swift */,
				64B18E282B6803BE003F2674 /* FontConstant.swift */,
			);
			path = Constant;
			sourceTree = "<group>";
		};
		903D1A497BD910288C14E6FC /* Pods */ = {
			isa = PBXGroup;
			children = (
				071AFFDCD3B1AFC6876FAE46 /* Pods-Booking-Hotel.debug.xcconfig */,
				095AE4B57E948E5D63B0863D /* Pods-Booking-Hotel.release.xcconfig */,
			);
			path = Pods;
			sourceTree = "<group>";
		};
		B174AAAF4B79BAF5E841A421 /* Frameworks */ = {
			isa = PBXGroup;
			children = (
				3D0F8ABE5A025858F2B735ED /* Pods_Booking_Hotel.framework */,
			);
			name = Frameworks;
			sourceTree = "<group>";
		};
/* End PBXGroup section */

/* Begin PBXNativeTarget section */
		645292052B554DC400855E7E /* Booking-Hotel */ = {
			isa = PBXNativeTarget;
			buildConfigurationList = 6452921A2B554DC500855E7E /* Build configuration list for PBXNativeTarget "Booking-Hotel" */;
			buildPhases = (
				17AB0EBEC0D08C1D91C091FD /* [CP] Check Pods Manifest.lock */,
				645292022B554DC400855E7E /* Sources */,
				645292032B554DC400855E7E /* Frameworks */,
				645292042B554DC400855E7E /* Resources */,
				0BA33ACF5A2324C7684ED2F3 /* [CP] Embed Pods Frameworks */,
			);
			buildRules = (
			);
			dependencies = (
			);
			name = "Booking-Hotel";
			productName = "Booking-Hotel";
			productReference = 645292062B554DC400855E7E /* Booking-Hotel.app */;
			productType = "com.apple.product-type.application";
		};
/* End PBXNativeTarget section */

/* Begin PBXProject section */
		645291FE2B554DC400855E7E /* Project object */ = {
			isa = PBXProject;
			attributes = {
				BuildIndependentTargetsInParallel = 1;
				LastSwiftUpdateCheck = 1420;
				LastUpgradeCheck = 1420;
				TargetAttributes = {
					645292052B554DC400855E7E = {
						CreatedOnToolsVersion = 14.2;
					};
				};
			};
			buildConfigurationList = 645292012B554DC400855E7E /* Build configuration list for PBXProject "Booking-Hotel" */;
			compatibilityVersion = "Xcode 14.0";
			developmentRegion = en;
			hasScannedForEncodings = 0;
			knownRegions = (
				en,
				Base,
			);
			mainGroup = 645291FD2B554DC400855E7E;
			productRefGroup = 645292072B554DC400855E7E /* Products */;
			projectDirPath = "";
			projectRoot = "";
			targets = (
				645292052B554DC400855E7E /* Booking-Hotel */,
			);
		};
/* End PBXProject section */

/* Begin PBXResourcesBuildPhase section */
		645292042B554DC400855E7E /* Resources */ = {
			isa = PBXResourcesBuildPhase;
			buildActionMask = 2147483647;
			files = (
				645292342B55511400855E7E /* SFPRODISPLAYLIGHTITALIC.OTF in Resources */,
				645292362B55511400855E7E /* SFPRODISPLAYBLACKITALIC.OTF in Resources */,
				645292372B55511400855E7E /* SFPRODISPLAYSEMIBOLDITALIC.OTF in Resources */,
				645292322B55511400855E7E /* SFPRODISPLAYMEDIUM.OTF in Resources */,
				649CA2B52B5895930060A2F4 /* Simulator Screen Recording - iPhone 14 Pro.mp4 in Resources */,
				645292162B554DC500855E7E /* LaunchScreen.storyboard in Resources */,
				645292132B554DC500855E7E /* Assets.xcassets in Resources */,
				645292352B55511400855E7E /* SFPRODISPLAYBOLD.OTF in Resources */,
				645292302B55511400855E7E /* SFPRODISPLAYTHINITALIC.OTF in Resources */,
				645292312B55511400855E7E /* SFPRODISPLAYREGULAR.OTF in Resources */,
				6452922F2B55511400855E7E /* SFPRODISPLAYULTRALIGHTITALIC.OTF in Resources */,
				645292332B55511400855E7E /* SFPRODISPLAYHEAVYITALIC.OTF in Resources */,
			);
			runOnlyForDeploymentPostprocessing = 0;
		};
/* End PBXResourcesBuildPhase section */

/* Begin PBXShellScriptBuildPhase section */
		0BA33ACF5A2324C7684ED2F3 /* [CP] Embed Pods Frameworks */ = {
			isa = PBXShellScriptBuildPhase;
			buildActionMask = 2147483647;
			files = (
			);
			inputFileListPaths = (
				"${PODS_ROOT}/Target Support Files/Pods-Booking-Hotel/Pods-Booking-Hotel-frameworks-${CONFIGURATION}-input-files.xcfilelist",
			);
			name = "[CP] Embed Pods Frameworks";
			outputFileListPaths = (
				"${PODS_ROOT}/Target Support Files/Pods-Booking-Hotel/Pods-Booking-Hotel-frameworks-${CONFIGURATION}-output-files.xcfilelist",
			);
			runOnlyForDeploymentPostprocessing = 0;
			shellPath = /bin/sh;
			shellScript = "\"${PODS_ROOT}/Target Support Files/Pods-Booking-Hotel/Pods-Booking-Hotel-frameworks.sh\"\n";
			showEnvVarsInLog = 0;
		};
		17AB0EBEC0D08C1D91C091FD /* [CP] Check Pods Manifest.lock */ = {
			isa = PBXShellScriptBuildPhase;
			buildActionMask = 2147483647;
			files = (
			);
			inputFileListPaths = (
			);
			inputPaths = (
				"${PODS_PODFILE_DIR_PATH}/Podfile.lock",
				"${PODS_ROOT}/Manifest.lock",
			);
			name = "[CP] Check Pods Manifest.lock";
			outputFileListPaths = (
			);
			outputPaths = (
				"$(DERIVED_FILE_DIR)/Pods-Booking-Hotel-checkManifestLockResult.txt",
			);
			runOnlyForDeploymentPostprocessing = 0;
			shellPath = /bin/sh;
			shellScript = "diff \"${PODS_PODFILE_DIR_PATH}/Podfile.lock\" \"${PODS_ROOT}/Manifest.lock\" > /dev/null\nif [ $? != 0 ] ; then\n    # print error to STDERR\n    echo \"error: The sandbox is not in sync with the Podfile.lock. Run 'pod install' or update your CocoaPods installation.\" >&2\n    exit 1\nfi\n# This output is used by Xcode 'outputs' to avoid re-running this script phase.\necho \"SUCCESS\" > \"${SCRIPT_OUTPUT_FILE_0}\"\n";
			showEnvVarsInLog = 0;
		};
/* End PBXShellScriptBuildPhase section */

/* Begin PBXSourcesBuildPhase section */
		645292022B554DC400855E7E /* Sources */ = {
			isa = PBXSourcesBuildPhase;
			buildActionMask = 2147483647;
			files = (
				64B18E202B68034C003F2674 /* PopUpManager.swift in Sources */,
				649CA2992B57C9390060A2F4 /* BookingView.swift in Sources */,
				645292402B55558C00855E7E /* NetworkManager.swift in Sources */,
				6452923C2B55555700855E7E /* Endpoint.swift in Sources */,
				649CA28A2B5714520060A2F4 /* RoomViewController.swift in Sources */,
				649CA2AE2B584E7B0060A2F4 /* FinalView.swift in Sources */,
				649CA2AB2B584C760060A2F4 /* Extension IntToString.swift in Sources */,
				6452920A2B554DC400855E7E /* AppDelegate.swift in Sources */,
				649CA29B2B57C9430060A2F4 /* BookingViewModel.swift in Sources */,
				649CA28E2B5718050060A2F4 /* RoomCell.swift in Sources */,
				64B18E1C2B680333003F2674 /* GradientPageControl.swift in Sources */,
				645292212B554E4400855E7E /* HotelView.swift in Sources */,
				649CA29D2B57C94A0060A2F4 /* BookingViewController.swift in Sources */,
				649CA2902B571F070060A2F4 /* NavigationManager.swift in Sources */,
				649CA2D22B59D2670060A2F4 /* RoomCoordinator.swift in Sources */,
				6452924C2B56AA9400855E7E /* TagLabelsView.swift in Sources */,
				64B18E252B6803A6003F2674 /* Color.swift in Sources */,
				64B18E162B6801B8003F2674 /* HotelCoordinator + ext.swift in Sources */,
				649CA2C22B59C4340060A2F4 /* Coordinator.swift in Sources */,
				649CA2C92B59D21C0060A2F4 /* HotelCoordinator.swift in Sources */,
				649CA2CF2B59D2580060A2F4 /* BookingCoordinator.swift in Sources */,
				64B18E2B2B680406003F2674 /* Extension + Subviews.swift in Sources */,
				649CA2B02B584E830060A2F4 /* FinalViewController.swift in Sources */,
				649CA2B22B585ACA0060A2F4 /* TouristStackView.swift in Sources */,
				645292232B554EED00855E7E /* HotelViewModel.swift in Sources */,
				649CA2852B56EB220060A2F4 /* Extension + UIImage.swift in Sources */,
				6452924A2B55B83C00855E7E /* Extension + UIColor.swift in Sources */,
				64B18E1A2B68031F003F2674 /* TextFieldStackView.swift in Sources */,
				649CA29F2B57C9570060A2F4 /* BookingModel.swift in Sources */,
				649CA2A12B57DD150060A2F4 /* InfoTableCell.swift in Sources */,
				649CA2D42B5D96830060A2F4 /* SceneDelegate.swift in Sources */,
				649CA2882B5714480060A2F4 /* RoomView.swift in Sources */,
				649CA2942B573E690060A2F4 /* PaddedButton.swift in Sources */,
				64B18E232B68039E003F2674 /* Constant.swift in Sources */,
				649CA2CC2B59D23A0060A2F4 /* FinalCoordinator.swift in Sources */,
				649CA2A32B57E10E0060A2F4 /* CustomStackView.swift in Sources */,
				645292502B56BADC00855E7E /* MoreInfoCell.swift in Sources */,
				649CA2A72B57FFD90060A2F4 /* Extension + FloatingTextField.swift in Sources */,
				649CA2922B5728210060A2F4 /* RoomModel.swift in Sources */,
				64B18E182B6802E9003F2674 /* ButtonWithTrailingImage.swift in Sources */,
				645292522B56CF6F00855E7E /* CustomButton.swift in Sources */,
				6452923E2B55557100855E7E /* HTTP.swift in Sources */,
				645292392B5553B900855E7E /* HotelModel.swift in Sources */,
				649CA28C2B57145A0060A2F4 /* RoomViewModel.swift in Sources */,
				64B18E292B6803BE003F2674 /* FontConstant.swift in Sources */,
				64B18E1E2B68033E003F2674 /* CustomBorder.swift in Sources */,
				6452921F2B554E3700855E7E /* HotelViewController.swift in Sources */,
				64B18E272B6803B8003F2674 /* TextContrants.swift in Sources */,
			);
			runOnlyForDeploymentPostprocessing = 0;
		};
/* End PBXSourcesBuildPhase section */

/* Begin PBXVariantGroup section */
		645292142B554DC500855E7E /* LaunchScreen.storyboard */ = {
			isa = PBXVariantGroup;
			children = (
				645292152B554DC500855E7E /* Base */,
			);
			name = LaunchScreen.storyboard;
			sourceTree = "<group>";
		};
/* End PBXVariantGroup section */

/* Begin XCBuildConfiguration section */
		645292182B554DC500855E7E /* Debug */ = {
			isa = XCBuildConfiguration;
			buildSettings = {
				ALWAYS_SEARCH_USER_PATHS = NO;
				CLANG_ANALYZER_NONNULL = YES;
				CLANG_ANALYZER_NUMBER_OBJECT_CONVERSION = YES_AGGRESSIVE;
				CLANG_CXX_LANGUAGE_STANDARD = "gnu++20";
				CLANG_ENABLE_MODULES = YES;
				CLANG_ENABLE_OBJC_ARC = YES;
				CLANG_ENABLE_OBJC_WEAK = YES;
				CLANG_WARN_BLOCK_CAPTURE_AUTORELEASING = YES;
				CLANG_WARN_BOOL_CONVERSION = YES;
				CLANG_WARN_COMMA = YES;
				CLANG_WARN_CONSTANT_CONVERSION = YES;
				CLANG_WARN_DEPRECATED_OBJC_IMPLEMENTATIONS = YES;
				CLANG_WARN_DIRECT_OBJC_ISA_USAGE = YES_ERROR;
				CLANG_WARN_DOCUMENTATION_COMMENTS = YES;
				CLANG_WARN_EMPTY_BODY = YES;
				CLANG_WARN_ENUM_CONVERSION = YES;
				CLANG_WARN_INFINITE_RECURSION = YES;
				CLANG_WARN_INT_CONVERSION = YES;
				CLANG_WARN_NON_LITERAL_NULL_CONVERSION = YES;
				CLANG_WARN_OBJC_IMPLICIT_RETAIN_SELF = YES;
				CLANG_WARN_OBJC_LITERAL_CONVERSION = YES;
				CLANG_WARN_OBJC_ROOT_CLASS = YES_ERROR;
				CLANG_WARN_QUOTED_INCLUDE_IN_FRAMEWORK_HEADER = YES;
				CLANG_WARN_RANGE_LOOP_ANALYSIS = YES;
				CLANG_WARN_STRICT_PROTOTYPES = YES;
				CLANG_WARN_SUSPICIOUS_MOVE = YES;
				CLANG_WARN_UNGUARDED_AVAILABILITY = YES_AGGRESSIVE;
				CLANG_WARN_UNREACHABLE_CODE = YES;
				CLANG_WARN__DUPLICATE_METHOD_MATCH = YES;
				COPY_PHASE_STRIP = NO;
				DEBUG_INFORMATION_FORMAT = dwarf;
				ENABLE_STRICT_OBJC_MSGSEND = YES;
				ENABLE_TESTABILITY = YES;
				GCC_C_LANGUAGE_STANDARD = gnu11;
				GCC_DYNAMIC_NO_PIC = NO;
				GCC_NO_COMMON_BLOCKS = YES;
				GCC_OPTIMIZATION_LEVEL = 0;
				GCC_PREPROCESSOR_DEFINITIONS = (
					"DEBUG=1",
					"$(inherited)",
				);
				GCC_WARN_64_TO_32_BIT_CONVERSION = YES;
				GCC_WARN_ABOUT_RETURN_TYPE = YES_ERROR;
				GCC_WARN_UNDECLARED_SELECTOR = YES;
				GCC_WARN_UNINITIALIZED_AUTOS = YES_AGGRESSIVE;
				GCC_WARN_UNUSED_FUNCTION = YES;
				GCC_WARN_UNUSED_VARIABLE = YES;
				IPHONEOS_DEPLOYMENT_TARGET = 16.2;
				MTL_ENABLE_DEBUG_INFO = INCLUDE_SOURCE;
				MTL_FAST_MATH = YES;
				ONLY_ACTIVE_ARCH = YES;
				SDKROOT = iphoneos;
				SWIFT_ACTIVE_COMPILATION_CONDITIONS = DEBUG;
				SWIFT_OPTIMIZATION_LEVEL = "-Onone";
			};
			name = Debug;
		};
		645292192B554DC500855E7E /* Release */ = {
			isa = XCBuildConfiguration;
			buildSettings = {
				ALWAYS_SEARCH_USER_PATHS = NO;
				CLANG_ANALYZER_NONNULL = YES;
				CLANG_ANALYZER_NUMBER_OBJECT_CONVERSION = YES_AGGRESSIVE;
				CLANG_CXX_LANGUAGE_STANDARD = "gnu++20";
				CLANG_ENABLE_MODULES = YES;
				CLANG_ENABLE_OBJC_ARC = YES;
				CLANG_ENABLE_OBJC_WEAK = YES;
				CLANG_WARN_BLOCK_CAPTURE_AUTORELEASING = YES;
				CLANG_WARN_BOOL_CONVERSION = YES;
				CLANG_WARN_COMMA = YES;
				CLANG_WARN_CONSTANT_CONVERSION = YES;
				CLANG_WARN_DEPRECATED_OBJC_IMPLEMENTATIONS = YES;
				CLANG_WARN_DIRECT_OBJC_ISA_USAGE = YES_ERROR;
				CLANG_WARN_DOCUMENTATION_COMMENTS = YES;
				CLANG_WARN_EMPTY_BODY = YES;
				CLANG_WARN_ENUM_CONVERSION = YES;
				CLANG_WARN_INFINITE_RECURSION = YES;
				CLANG_WARN_INT_CONVERSION = YES;
				CLANG_WARN_NON_LITERAL_NULL_CONVERSION = YES;
				CLANG_WARN_OBJC_IMPLICIT_RETAIN_SELF = YES;
				CLANG_WARN_OBJC_LITERAL_CONVERSION = YES;
				CLANG_WARN_OBJC_ROOT_CLASS = YES_ERROR;
				CLANG_WARN_QUOTED_INCLUDE_IN_FRAMEWORK_HEADER = YES;
				CLANG_WARN_RANGE_LOOP_ANALYSIS = YES;
				CLANG_WARN_STRICT_PROTOTYPES = YES;
				CLANG_WARN_SUSPICIOUS_MOVE = YES;
				CLANG_WARN_UNGUARDED_AVAILABILITY = YES_AGGRESSIVE;
				CLANG_WARN_UNREACHABLE_CODE = YES;
				CLANG_WARN__DUPLICATE_METHOD_MATCH = YES;
				COPY_PHASE_STRIP = NO;
				DEBUG_INFORMATION_FORMAT = "dwarf-with-dsym";
				ENABLE_NS_ASSERTIONS = NO;
				ENABLE_STRICT_OBJC_MSGSEND = YES;
				GCC_C_LANGUAGE_STANDARD = gnu11;
				GCC_NO_COMMON_BLOCKS = YES;
				GCC_WARN_64_TO_32_BIT_CONVERSION = YES;
				GCC_WARN_ABOUT_RETURN_TYPE = YES_ERROR;
				GCC_WARN_UNDECLARED_SELECTOR = YES;
				GCC_WARN_UNINITIALIZED_AUTOS = YES_AGGRESSIVE;
				GCC_WARN_UNUSED_FUNCTION = YES;
				GCC_WARN_UNUSED_VARIABLE = YES;
				IPHONEOS_DEPLOYMENT_TARGET = 16.2;
				MTL_ENABLE_DEBUG_INFO = NO;
				MTL_FAST_MATH = YES;
				SDKROOT = iphoneos;
				SWIFT_COMPILATION_MODE = wholemodule;
				SWIFT_OPTIMIZATION_LEVEL = "-O";
				VALIDATE_PRODUCT = YES;
			};
			name = Release;
		};
		6452921B2B554DC500855E7E /* Debug */ = {
			isa = XCBuildConfiguration;
			baseConfigurationReference = 071AFFDCD3B1AFC6876FAE46 /* Pods-Booking-Hotel.debug.xcconfig */;
			buildSettings = {
				ASSETCATALOG_COMPILER_APPICON_NAME = AppIcon;
				ASSETCATALOG_COMPILER_GLOBAL_ACCENT_COLOR_NAME = AccentColor;
				CODE_SIGN_STYLE = Automatic;
				CURRENT_PROJECT_VERSION = 1;
				DEVELOPMENT_TEAM = W2CT3M99U7;
				GENERATE_INFOPLIST_FILE = YES;
				INFOPLIST_FILE = "Booking-Hotel/Info.plist";
				INFOPLIST_KEY_UIApplicationSupportsIndirectInputEvents = YES;
				INFOPLIST_KEY_UILaunchStoryboardName = LaunchScreen;
				INFOPLIST_KEY_UISupportedInterfaceOrientations_iPad = "UIInterfaceOrientationPortrait UIInterfaceOrientationPortraitUpsideDown UIInterfaceOrientationLandscapeLeft UIInterfaceOrientationLandscapeRight";
				INFOPLIST_KEY_UISupportedInterfaceOrientations_iPhone = "UIInterfaceOrientationPortrait UIInterfaceOrientationLandscapeLeft UIInterfaceOrientationLandscapeRight";
				LD_RUNPATH_SEARCH_PATHS = (
					"$(inherited)",
					"@executable_path/Frameworks",
				);
				MARKETING_VERSION = 1.0;
				PRODUCT_BUNDLE_IDENTIFIER = "Kr57.Booking-Hotel";
				PRODUCT_NAME = "$(TARGET_NAME)";
				SWIFT_EMIT_LOC_STRINGS = YES;
				SWIFT_VERSION = 5.0;
				TARGETED_DEVICE_FAMILY = "1,2";
			};
			name = Debug;
		};
		6452921C2B554DC500855E7E /* Release */ = {
			isa = XCBuildConfiguration;
			baseConfigurationReference = 095AE4B57E948E5D63B0863D /* Pods-Booking-Hotel.release.xcconfig */;
			buildSettings = {
				ASSETCATALOG_COMPILER_APPICON_NAME = AppIcon;
				ASSETCATALOG_COMPILER_GLOBAL_ACCENT_COLOR_NAME = AccentColor;
				CODE_SIGN_STYLE = Automatic;
				CURRENT_PROJECT_VERSION = 1;
				DEVELOPMENT_TEAM = W2CT3M99U7;
				GENERATE_INFOPLIST_FILE = YES;
				INFOPLIST_FILE = "Booking-Hotel/Info.plist";
				INFOPLIST_KEY_UIApplicationSupportsIndirectInputEvents = YES;
				INFOPLIST_KEY_UILaunchStoryboardName = LaunchScreen;
				INFOPLIST_KEY_UISupportedInterfaceOrientations_iPad = "UIInterfaceOrientationPortrait UIInterfaceOrientationPortraitUpsideDown UIInterfaceOrientationLandscapeLeft UIInterfaceOrientationLandscapeRight";
				INFOPLIST_KEY_UISupportedInterfaceOrientations_iPhone = "UIInterfaceOrientationPortrait UIInterfaceOrientationLandscapeLeft UIInterfaceOrientationLandscapeRight";
				LD_RUNPATH_SEARCH_PATHS = (
					"$(inherited)",
					"@executable_path/Frameworks",
				);
				MARKETING_VERSION = 1.0;
				PRODUCT_BUNDLE_IDENTIFIER = "Kr57.Booking-Hotel";
				PRODUCT_NAME = "$(TARGET_NAME)";
				SWIFT_EMIT_LOC_STRINGS = YES;
				SWIFT_VERSION = 5.0;
				TARGETED_DEVICE_FAMILY = "1,2";
			};
			name = Release;
		};
/* End XCBuildConfiguration section */

/* Begin XCConfigurationList section */
		645292012B554DC400855E7E /* Build configuration list for PBXProject "Booking-Hotel" */ = {
			isa = XCConfigurationList;
			buildConfigurations = (
				645292182B554DC500855E7E /* Debug */,
				645292192B554DC500855E7E /* Release */,
			);
			defaultConfigurationIsVisible = 0;
			defaultConfigurationName = Release;
		};
		6452921A2B554DC500855E7E /* Build configuration list for PBXNativeTarget "Booking-Hotel" */ = {
			isa = XCConfigurationList;
			buildConfigurations = (
				6452921B2B554DC500855E7E /* Debug */,
				6452921C2B554DC500855E7E /* Release */,
			);
			defaultConfigurationIsVisible = 0;
			defaultConfigurationName = Release;
		};
/* End XCConfigurationList section */
	};
	rootObject = 645291FE2B554DC400855E7E /* Project object */;
}
